
Microsoft Visual Studio Solution File, Format Version 12.00
# Visual Studio 2012
Project("{8BC9CEB8-8B4A-11D0-8D11-00A0C91BC942}") = "0120学生管理系统 v2", "0120学生管理系统\0120学生管理系统.vcxproj", "{A45F1CBA-841D-42AF-8105-23F3149ABB28}"
EndProject
Global
	GlobalSection(SolutionConfigurationPlatforms) = preSolution
		Debug|Win32 = Debug|Win32
		Release|Win32 = Release|Win32
	EndGlobalSection
	GlobalSection(ProjectConfigurationPlatforms) = postSolution
		{A45F1CBA-841D-42AF-8105-23F3149ABB28}.Debug|Win32.ActiveCfg = Debug|Win32
		{A45F1CBA-841D-42AF-8105-23F3149ABB28}.Debug|Win32.Build.0 = Debug|Win32
		{A45F1CBA-841D-42AF-8105-23F3149ABB28}.Release|Win32.ActiveCfg = Release|Win32
		{A45F1CBA-841D-42AF-8105-23F3149ABB28}.Release|Win32.Build.0 = Release|Win32
	EndGlobalSection
	GlobalSection(SolutionProperties) = preSolution
		HideSolutionNode = FALSE
	EndGlobalSection
EndGlobal
